
Microsoft Visual Studio Solution File, Format Version 12.00
# Visual Studio Version 17
VisualStudioVersion = 17.14.36616.10 d17.14
MinimumVisualStudioVersion = 10.0.40219.1
Project("{FAE04EC0-301F-11D3-BF4B-00C04F79EFBC}") = "ModernBillingApp", "ModernBillingApp\ModernBillingApp.csproj", "{FE20666C-2C24-490C-9AA1-EAA859DE6ACA}"
EndProject
Global
	GlobalSection(SolutionConfigurationPlatforms) = preSolution
		Debug|Any CPU = Debug|Any CPU
		Release|Any CPU = Release|Any CPU
	EndGlobalSection
	GlobalSection(ProjectConfigurationPlatforms) = postSolution
		{FE20666C-2C24-490C-9AA1-EAA859DE6ACA}.Debug|Any CPU.ActiveCfg = Debug|Any CPU
		{FE20666C-2C24-490C-9AA1-EAA859DE6ACA}.Debug|Any CPU.Build.0 = Debug|Any CPU
		{FE20666C-2C24-490C-9AA1-EAA859DE6ACA}.Release|Any CPU.ActiveCfg = Release|Any CPU
		{FE20666C-2C24-490C-9AA1-EAA859DE6ACA}.Release|Any CPU.Build.0 = Release|Any CPU
	EndGlobalSection
	GlobalSection(SolutionProperties) = preSolution
		HideSolutionNode = FALSE
	EndGlobalSection
	GlobalSection(ExtensibilityGlobals) = postSolution
		SolutionGuid = {8B6E1F67-B810-482A-8CA1-527227CCCADE}
	EndGlobalSection
EndGlobal
